
Microsoft Visual Studio Solution File, Format Version 12.00
# Visual Studio 2013
VisualStudioVersion = 12.0.31101.0
MinimumVisualStudioVersion = 10.0.40219.1
Project("{FAE04EC0-301F-11D3-BF4B-00C04F79EFBC}") = "BoardgameSimulator.Models", "BoardgameSimulator.Models\BoardgameSimulator.Models.csproj", "{A17D402A-284A-4204-9EB3-F5BE3DE08389}"
EndProject
Project("{FAE04EC0-301F-11D3-BF4B-00C04F79EFBC}") = "BoardgameSimulator.Data", "BoardgameSimulator.Data\BoardgameSimulator.Data.csproj", "{038ED1B6-76B4-44E5-BDB1-8E1E58F87757}"
EndProject
Project("{FAE04EC0-301F-11D3-BF4B-00C04F79EFBC}") = "BoardgameSimulator.ConsoleApp", "BoardgameSimulator.ConsoleApp\BoardgameSimulator.ConsoleApp.csproj", "{AA62A066-7F31-42AF-920F-AB01DB501D93}"
EndProject
Project("{FAE04EC0-301F-11D3-BF4B-00C04F79EFBC}") = "BoardgameSimulator.ZippedReports", "BoardgameSimulator.ZippedReports\BoardgameSimulator.ZippedReports.csproj", "{461B063F-342C-42DD-835B-B55D4D9985B4}"
EndProject
Project("{2150E333-8FDC-42A3-9474-1A3956D46DE8}") = "DataGeneration", "DataGeneration", "{F56FB09A-691D-4909-9351-C9CF3FBBC8A3}"
EndProject
Project("{FAE04EC0-301F-11D3-BF4B-00C04F79EFBC}") = "BoardgameSimulator.MongoDB", "BoardgameSimulator.MongoDB\BoardgameSimulator.MongoDB.csproj", "{B9033AF9-AAA7-4F52-B11A-AC254D42F99E}"
EndProject
Project("{FAE04EC0-301F-11D3-BF4B-00C04F79EFBC}") = "BoardgameSimulator.DummyModels", "BoardgameSimulator.DummyModels\BoardgameSimulator.DummyModels.csproj", "{F6046643-40CB-49DC-8ACB-58A8D4CE6BCA}"
EndProject
Project("{FAE04EC0-301F-11D3-BF4B-00C04F79EFBC}") = "BoardgameSimulator.Reports", "BoardgameSimulator.Reports\BoardgameSimulator.Reports.csproj", "{A8744E1A-2551-4CD4-A6FF-B96C9D193C1D}"
EndProject
Project("{FAE04EC0-301F-11D3-BF4B-00C04F79EFBC}") = "BoardgameSimulator.SQLiteDB", "BoardgameSimulator.SQLiteDB\BoardgameSimulator.SQLiteDB.csproj", "{22CD2BC6-66F9-4165-B21C-1ABFB6E09F08}"
EndProject
Project("{FAE04EC0-301F-11D3-BF4B-00C04F79EFBC}") = "BoardgameSimulator.MySqlDB", "BoardgameSimulator.MySqlDb\BoardgameSimulator.MySqlDB.csproj", "{659145D8-2B20-4F27-AABD-04E8B3EF49C7}"
EndProject
Project("{FAE04EC0-301F-11D3-BF4B-00C04F79EFBC}") = "BoardgameSimulator.XlsReader", "BoardgameSimulator.AdoNet\BoardgameSimulator.XlsReader.csproj", "{CB754212-59C0-444C-8C4E-DB51485A4FA1}"
EndProject
Project("{FAE04EC0-301F-11D3-BF4B-00C04F79EFBC}") = "BoardgameSimulator.XmlImporter", "BoardgameSimulator.Importer\BoardgameSimulator.XmlImporter.csproj", "{EE026F93-ABC8-40EF-A864-1E4858F77DB3}"
EndProject
Global
	GlobalSection(SolutionConfigurationPlatforms) = preSolution
		Debug|Any CPU = Debug|Any CPU
		Release|Any CPU = Release|Any CPU
	EndGlobalSection
	GlobalSection(ProjectConfigurationPlatforms) = postSolution
		{A17D402A-284A-4204-9EB3-F5BE3DE08389}.Debug|Any CPU.ActiveCfg = Debug|Any CPU
		{A17D402A-284A-4204-9EB3-F5BE3DE08389}.Debug|Any CPU.Build.0 = Debug|Any CPU
		{A17D402A-284A-4204-9EB3-F5BE3DE08389}.Release|Any CPU.ActiveCfg = Release|Any CPU
		{A17D402A-284A-4204-9EB3-F5BE3DE08389}.Release|Any CPU.Build.0 = Release|Any CPU
		{038ED1B6-76B4-44E5-BDB1-8E1E58F87757}.Debug|Any CPU.ActiveCfg = Debug|Any CPU
		{038ED1B6-76B4-44E5-BDB1-8E1E58F87757}.Debug|Any CPU.Build.0 = Debug|Any CPU
		{038ED1B6-76B4-44E5-BDB1-8E1E58F87757}.Release|Any CPU.ActiveCfg = Release|Any CPU
		{038ED1B6-76B4-44E5-BDB1-8E1E58F87757}.Release|Any CPU.Build.0 = Release|Any CPU
		{AA62A066-7F31-42AF-920F-AB01DB501D93}.Debug|Any CPU.ActiveCfg = Debug|Any CPU
		{AA62A066-7F31-42AF-920F-AB01DB501D93}.Debug|Any CPU.Build.0 = Debug|Any CPU
		{AA62A066-7F31-42AF-920F-AB01DB501D93}.Release|Any CPU.ActiveCfg = Release|Any CPU
		{AA62A066-7F31-42AF-920F-AB01DB501D93}.Release|Any CPU.Build.0 = Release|Any CPU
		{461B063F-342C-42DD-835B-B55D4D9985B4}.Debug|Any CPU.ActiveCfg = Debug|Any CPU
		{461B063F-342C-42DD-835B-B55D4D9985B4}.Debug|Any CPU.Build.0 = Debug|Any CPU
		{461B063F-342C-42DD-835B-B55D4D9985B4}.Release|Any CPU.ActiveCfg = Release|Any CPU
		{461B063F-342C-42DD-835B-B55D4D9985B4}.Release|Any CPU.Build.0 = Release|Any CPU
		{B9033AF9-AAA7-4F52-B11A-AC254D42F99E}.Debug|Any CPU.ActiveCfg = Debug|Any CPU
		{B9033AF9-AAA7-4F52-B11A-AC254D42F99E}.Debug|Any CPU.Build.0 = Debug|Any CPU
		{B9033AF9-AAA7-4F52-B11A-AC254D42F99E}.Release|Any CPU.ActiveCfg = Release|Any CPU
		{B9033AF9-AAA7-4F52-B11A-AC254D42F99E}.Release|Any CPU.Build.0 = Release|Any CPU
		{F6046643-40CB-49DC-8ACB-58A8D4CE6BCA}.Debug|Any CPU.ActiveCfg = Debug|Any CPU
		{F6046643-40CB-49DC-8ACB-58A8D4CE6BCA}.Debug|Any CPU.Build.0 = Debug|Any CPU
		{F6046643-40CB-49DC-8ACB-58A8D4CE6BCA}.Release|Any CPU.ActiveCfg = Release|Any CPU
		{F6046643-40CB-49DC-8ACB-58A8D4CE6BCA}.Release|Any CPU.Build.0 = Release|Any CPU
		{A8744E1A-2551-4CD4-A6FF-B96C9D193C1D}.Debug|Any CPU.ActiveCfg = Debug|Any CPU
		{A8744E1A-2551-4CD4-A6FF-B96C9D193C1D}.Debug|Any CPU.Build.0 = Debug|Any CPU
		{A8744E1A-2551-4CD4-A6FF-B96C9D193C1D}.Release|Any CPU.ActiveCfg = Release|Any CPU
		{A8744E1A-2551-4CD4-A6FF-B96C9D193C1D}.Release|Any CPU.Build.0 = Release|Any CPU
		{22CD2BC6-66F9-4165-B21C-1ABFB6E09F08}.Debug|Any CPU.ActiveCfg = Debug|Any CPU
		{22CD2BC6-66F9-4165-B21C-1ABFB6E09F08}.Debug|Any CPU.Build.0 = Debug|Any CPU
		{22CD2BC6-66F9-4165-B21C-1ABFB6E09F08}.Release|Any CPU.ActiveCfg = Release|Any CPU
		{22CD2BC6-66F9-4165-B21C-1ABFB6E09F08}.Release|Any CPU.Build.0 = Release|Any CPU
		{659145D8-2B20-4F27-AABD-04E8B3EF49C7}.Debug|Any CPU.ActiveCfg = Debug|Any CPU
		{659145D8-2B20-4F27-AABD-04E8B3EF49C7}.Debug|Any CPU.Build.0 = Debug|Any CPU
		{659145D8-2B20-4F27-AABD-04E8B3EF49C7}.Release|Any CPU.ActiveCfg = Release|Any CPU
		{659145D8-2B20-4F27-AABD-04E8B3EF49C7}.Release|Any CPU.Build.0 = Release|Any CPU
		{CB754212-59C0-444C-8C4E-DB51485A4FA1}.Debug|Any CPU.ActiveCfg = Debug|Any CPU
		{CB754212-59C0-444C-8C4E-DB51485A4FA1}.Debug|Any CPU.Build.0 = Debug|Any CPU
		{CB754212-59C0-444C-8C4E-DB51485A4FA1}.Release|Any CPU.ActiveCfg = Release|Any CPU
		{CB754212-59C0-444C-8C4E-DB51485A4FA1}.Release|Any CPU.Build.0 = Release|Any CPU
		{EE026F93-ABC8-40EF-A864-1E4858F77DB3}.Debug|Any CPU.ActiveCfg = Debug|Any CPU
		{EE026F93-ABC8-40EF-A864-1E4858F77DB3}.Debug|Any CPU.Build.0 = Debug|Any CPU
		{EE026F93-ABC8-40EF-A864-1E4858F77DB3}.Release|Any CPU.ActiveCfg = Release|Any CPU
		{EE026F93-ABC8-40EF-A864-1E4858F77DB3}.Release|Any CPU.Build.0 = Release|Any CPU
	EndGlobalSection
	GlobalSection(SolutionProperties) = preSolution
		HideSolutionNode = FALSE
	EndGlobalSection
	GlobalSection(NestedProjects) = preSolution
		{461B063F-342C-42DD-835B-B55D4D9985B4} = {F56FB09A-691D-4909-9351-C9CF3FBBC8A3}
		{F6046643-40CB-49DC-8ACB-58A8D4CE6BCA} = {F56FB09A-691D-4909-9351-C9CF3FBBC8A3}
	EndGlobalSection
EndGlobal
